// !$*UTF8*$!
{
	archiveVersion = 1;
	classes = {
	};
	objectVersion = 46;
	objects = {

/* Begin PBXBuildFile section */
		3DC4CE271FE1452A008B8CF3 /* Info.plist in Resources */ = {isa = PBXBuildFile; fileRef = 3DC4CE221FE1452A008B8CF3 /* Info.plist */; };
		3DC4CE281FE1452A008B8CF3 /* Base.lproj in Resources */ = {isa = PBXBuildFile; fileRef = 3DC4CE231FE1452A008B8CF3 /* Base.lproj */; };
		3DC4CE291FE1452A008B8CF3 /* Settings.bundle in Resources */ = {isa = PBXBuildFile; fileRef = 3DC4CE251FE1452A008B8CF3 /* Settings.bundle */; };
		3DC4CE2A1FE1452A008B8CF3 /* Assets.xcassets in Resources */ = {isa = PBXBuildFile; fileRef = 3DC4CE261FE1452A008B8CF3 /* Assets.xcassets */; };
		3DC4CE2D1FE14538008B8CF3 /* ViewController.swift in Sources */ = {isa = PBXBuildFile; fileRef = 3DC4CE2B1FE14538008B8CF3 /* ViewController.swift */; };
		3DC4CE311FE1454D008B8CF3 /* AppDelegate.swift in Sources */ = {isa = PBXBuildFile; fileRef = 3DC4CE301FE1454D008B8CF3 /* AppDelegate.swift */; };
		3DC4CE321FE145EB008B8CF3 /* Main.storyboard in Resources */ = {isa = PBXBuildFile; fileRef = 3DC4CE2F1FE1453E008B8CF3 /* Main.storyboard */; };
/* End PBXBuildFile section */

/* Begin PBXFileReference section */
		3DC4CE221FE1452A008B8CF3 /* Info.plist */ = {isa = PBXFileReference; fileEncoding = 4; lastKnownFileType = text.plist.xml; name = Info.plist; path = "{{ cookiecutter.name }}/Resources/Info.plist"; sourceTree = SOURCE_ROOT; };
		3DC4CE231FE1452A008B8CF3 /* Base.lproj */ = {isa = PBXFileReference; lastKnownFileType = folder; name = Base.lproj; path = "{{ cookiecutter.name }}/Resources/Base.lproj"; sourceTree = SOURCE_ROOT; };
		3DC4CE241FE1452A008B8CF3 /* {{ cookiecutter.name }}.entitlements */ = {isa = PBXFileReference; fileEncoding = 4; lastKnownFileType = text.plist.entitlements; name = "{{ cookiecutter.name }}.entitlements"; path = "{{ cookiecutter.name }}/Resources/{{ cookiecutter.name }}.entitlements"; sourceTree = SOURCE_ROOT; };
		3DC4CE251FE1452A008B8CF3 /* Settings.bundle */ = {isa = PBXFileReference; lastKnownFileType = "wrapper.plug-in"; name = Settings.bundle; path = "{{ cookiecutter.name }}/Resources/Settings.bundle"; sourceTree = SOURCE_ROOT; };
		3DC4CE261FE1452A008B8CF3 /* Assets.xcassets */ = {isa = PBXFileReference; lastKnownFileType = folder.assetcatalog; name = Assets.xcassets; path = "{{ cookiecutter.name }}/Resources/Assets.xcassets"; sourceTree = SOURCE_ROOT; };
		3DC4CE2B1FE14538008B8CF3 /* ViewController.swift */ = {isa = PBXFileReference; fileEncoding = 4; lastKnownFileType = sourcecode.swift; name = ViewController.swift; path = "{{ cookiecutter.name }}/Code/UserInterface/ViewController.swift"; sourceTree = SOURCE_ROOT; };
		3DC4CE2F1FE1453E008B8CF3 /* Main.storyboard */ = {isa = PBXFileReference; lastKnownFileType = file.storyboard; path = Main.storyboard; sourceTree = "<group>"; };
		3DC4CE301FE1454D008B8CF3 /* AppDelegate.swift */ = {isa = PBXFileReference; fileEncoding = 4; lastKnownFileType = sourcecode.swift; name = AppDelegate.swift; path = "{{ cookiecutter.name }}/Code/Application/AppDelegate.swift"; sourceTree = SOURCE_ROOT; };
		3DFCFB511E5DA85B00D4A874 /* {{ cookiecutter.name }}.app */ = {isa = PBXFileReference; explicitFileType = wrapper.application; includeInIndex = 0; path = "{{ cookiecutter.name }}.app"; sourceTree = BUILT_PRODUCTS_DIR; };
/* End PBXFileReference section */

/* Begin PBXFrameworksBuildPhase section */
		3DFCFB4E1E5DA85B00D4A874 /* Frameworks */ = {
			isa = PBXFrameworksBuildPhase;
			buildActionMask = 2147483647;
			files = (
			);
			runOnlyForDeploymentPostprocessing = 0;
		};
/* End PBXFrameworksBuildPhase section */

/* Begin PBXGroup section */
		3DC4CE141FE13D96008B8CF3 /* Resources */ = {
			isa = PBXGroup;
			children = (
				3DC4CE241FE1452A008B8CF3 /* {{ cookiecutter.name }}.entitlements */,
				3DC4CE261FE1452A008B8CF3 /* Assets.xcassets */,
				3DC4CE231FE1452A008B8CF3 /* Base.lproj */,
				3DC4CE221FE1452A008B8CF3 /* Info.plist */,
				3DC4CE251FE1452A008B8CF3 /* Settings.bundle */,
			);
			path = Resources;
			sourceTree = "<group>";
		};
		3DC4CE1D1FE14423008B8CF3 /* Application */ = {
			isa = PBXGroup;
			children = (
				3DC4CE301FE1454D008B8CF3 /* AppDelegate.swift */,
			);
			path = Application;
			sourceTree = "<group>";
		};
		3DC4CE1E1FE1444A008B8CF3 /* UserInterface */ = {
			isa = PBXGroup;
			children = (
				3DC4CE2F1FE1453E008B8CF3 /* Main.storyboard */,
				3DC4CE2B1FE14538008B8CF3 /* ViewController.swift */,
			);
			path = UserInterface;
			sourceTree = "<group>";
		};
		3DC4CE1F1FE1445E008B8CF3 /* Networking */ = {
			isa = PBXGroup;
			children = (
			);
			path = Networking;
			sourceTree = "<group>";
		};
		3DC4CE201FE14468008B8CF3 /* Model */ = {
			isa = PBXGroup;
			children = (
			);
			path = Model;
			sourceTree = "<group>";
		};
		3DC4CE211FE1446F008B8CF3 /* Helpers */ = {
			isa = PBXGroup;
			children = (
			);
			path = Helpers;
			sourceTree = "<group>";
		};
		3DFCFB481E5DA85B00D4A874 = {
			isa = PBXGroup;
			children = (
				3DC4CE141FE13D96008B8CF3 /* Resources */,
				3DFCFB531E5DA85B00D4A874 /* Code */,
				3DFCFB521E5DA85B00D4A874 /* Products */,
			);
			sourceTree = "<group>";
		};
		3DFCFB521E5DA85B00D4A874 /* Products */ = {
			isa = PBXGroup;
			children = (
				3DFCFB511E5DA85B00D4A874 /* {{ cookiecutter.name }}.app */,
			);
			name = Products;
			sourceTree = "<group>";
		};
		3DFCFB531E5DA85B00D4A874 /* Code */ = {
			isa = PBXGroup;
			children = (
				3DC4CE211FE1446F008B8CF3 /* Helpers */,
				3DC4CE201FE14468008B8CF3 /* Model */,
				3DC4CE1F1FE1445E008B8CF3 /* Networking */,
				3DC4CE1E1FE1444A008B8CF3 /* UserInterface */,
				3DC4CE1D1FE14423008B8CF3 /* Application */,
			);
			path = Code;
			sourceTree = "<group>";
		};
/* End PBXGroup section */

/* Begin PBXNativeTarget section */
		3DFCFB501E5DA85B00D4A874 /* {{ cookiecutter.name }} */ = {
			isa = PBXNativeTarget;
			buildConfigurationList = 3DFCFB631E5DA85B00D4A874 /* Build configuration list for PBXNativeTarget "{{ cookiecutter.name }}" */;
			buildPhases = (
				3DFCFB4D1E5DA85B00D4A874 /* Sources */,
				3DFCFB4E1E5DA85B00D4A874 /* Frameworks */,
				3DFCFB4F1E5DA85B00D4A874 /* Resources */,
			);
			buildRules = (
			);
			dependencies = (
			);
			name = "{{ cookiecutter.name }}";
			productName = "{{ cookiecutter.name }}";
			productReference = 3DFCFB511E5DA85B00D4A874 /* {{ cookiecutter.name }}.app */;
			productType = "com.apple.product-type.application";
		};
/* End PBXNativeTarget section */

/* Begin PBXProject section */
		3DFCFB491E5DA85B00D4A874 /* Project object */ = {
			isa = PBXProject;
			attributes = {
				LastSwiftUpdateCheck = 0820;
				LastUpgradeCheck = 0910;
				ORGANIZATIONNAME = "{{ cookiecutter.organization_name }}";
				TargetAttributes = {
					3DFCFB501E5DA85B00D4A874 = {
						CreatedOnToolsVersion = 8.2.1;
						DevelopmentTeam = 2GVJ6JS822;
						LastSwiftMigration = 0910;
						ProvisioningStyle = Automatic;
						SystemCapabilities = {
							com.apple.Keychain = {
								enabled = 1;
							};
						};
					};
				};
			};
			buildConfigurationList = 3DFCFB4C1E5DA85B00D4A874 /* Build configuration list for PBXProject "{{ cookiecutter.name }}" */;
			compatibilityVersion = "Xcode 3.2";
			developmentRegion = English;
			hasScannedForEncodings = 0;
			knownRegions = (
				en,
				Base,
			);
			mainGroup = 3DFCFB481E5DA85B00D4A874;
			productRefGroup = 3DFCFB521E5DA85B00D4A874 /* Products */;
			projectDirPath = "";
			projectRoot = "";
			targets = (
				3DFCFB501E5DA85B00D4A874 /* {{ cookiecutter.name }} */,
			);
		};
/* End PBXProject section */

/* Begin PBXResourcesBuildPhase section */
		3DFCFB4F1E5DA85B00D4A874 /* Resources */ = {
			isa = PBXResourcesBuildPhase;
			buildActionMask = 2147483647;
			files = (
				3DC4CE321FE145EB008B8CF3 /* Main.storyboard in Resources */,
				3DC4CE291FE1452A008B8CF3 /* Settings.bundle in Resources */,
				3DC4CE271FE1452A008B8CF3 /* Info.plist in Resources */,
				3DC4CE281FE1452A008B8CF3 /* Base.lproj in Resources */,
				3DC4CE2A1FE1452A008B8CF3 /* Assets.xcassets in Resources */,
			);
			runOnlyForDeploymentPostprocessing = 0;
		};
/* End PBXResourcesBuildPhase section */

/* Begin PBXSourcesBuildPhase section */
		3DFCFB4D1E5DA85B00D4A874 /* Sources */ = {
			isa = PBXSourcesBuildPhase;
			buildActionMask = 2147483647;
			files = (
				3DC4CE311FE1454D008B8CF3 /* AppDelegate.swift in Sources */,
				3DC4CE2D1FE14538008B8CF3 /* ViewController.swift in Sources */,
			);
			runOnlyForDeploymentPostprocessing = 0;
		};
/* End PBXSourcesBuildPhase section */

/* Begin XCBuildConfiguration section */
		3DFCFB611E5DA85B00D4A874 /* Debug */ = {
			isa = XCBuildConfiguration;
			buildSettings = {
				ALWAYS_SEARCH_USER_PATHS = NO;
				CLANG_ANALYZER_NONNULL = YES;
				CLANG_CXX_LANGUAGE_STANDARD = "gnu++0x";
				CLANG_CXX_LIBRARY = "libc++";
				CLANG_ENABLE_MODULES = YES;
				CLANG_ENABLE_OBJC_ARC = YES;
				CLANG_WARN_BLOCK_CAPTURE_AUTORELEASING = YES;
				CLANG_WARN_BOOL_CONVERSION = YES;
				CLANG_WARN_COMMA = YES;
				CLANG_WARN_CONSTANT_CONVERSION = YES;
				CLANG_WARN_DIRECT_OBJC_ISA_USAGE = YES_ERROR;
				CLANG_WARN_DOCUMENTATION_COMMENTS = YES;
				CLANG_WARN_EMPTY_BODY = YES;
				CLANG_WARN_ENUM_CONVERSION = YES;
				CLANG_WARN_INFINITE_RECURSION = YES;
				CLANG_WARN_INT_CONVERSION = YES;
				CLANG_WARN_NON_LITERAL_NULL_CONVERSION = YES;
				CLANG_WARN_OBJC_LITERAL_CONVERSION = YES;
				CLANG_WARN_OBJC_ROOT_CLASS = YES_ERROR;
				CLANG_WARN_RANGE_LOOP_ANALYSIS = YES;
				CLANG_WARN_STRICT_PROTOTYPES = YES;
				CLANG_WARN_SUSPICIOUS_MOVE = YES;
				CLANG_WARN_UNREACHABLE_CODE = YES;
				CLANG_WARN__DUPLICATE_METHOD_MATCH = YES;
				"CODE_SIGN_IDENTITY[sdk=iphoneos*]" = "iPhone Developer";
				COPY_PHASE_STRIP = NO;
				DEBUG_INFORMATION_FORMAT = dwarf;
				ENABLE_STRICT_OBJC_MSGSEND = YES;
				ENABLE_TESTABILITY = YES;
				GCC_C_LANGUAGE_STANDARD = gnu99;
				GCC_DYNAMIC_NO_PIC = NO;
				GCC_NO_COMMON_BLOCKS = YES;
				GCC_OPTIMIZATION_LEVEL = 0;
				GCC_PREPROCESSOR_DEFINITIONS = (
					"DEBUG=1",
					"$(inherited)",
				);
				GCC_WARN_64_TO_32_BIT_CONVERSION = YES;
				GCC_WARN_ABOUT_RETURN_TYPE = YES_ERROR;
				GCC_WARN_UNDECLARED_SELECTOR = YES;
				GCC_WARN_UNINITIALIZED_AUTOS = YES_AGGRESSIVE;
				GCC_WARN_UNUSED_FUNCTION = YES;
				GCC_WARN_UNUSED_VARIABLE = YES;
				IPHONEOS_DEPLOYMENT_TARGET = 10.2;
				MTL_ENABLE_DEBUG_INFO = YES;
				ONLY_ACTIVE_ARCH = YES;
				SDKROOT = iphoneos;
				SWIFT_ACTIVE_COMPILATION_CONDITIONS = DEBUG;
				SWIFT_OPTIMIZATION_LEVEL = "-Onone";
			};
			name = Debug;
		};
		3DFCFB621E5DA85B00D4A874 /* Release */ = {
			isa = XCBuildConfiguration;
			buildSettings = {
				ALWAYS_SEARCH_USER_PATHS = NO;
				CLANG_ANALYZER_NONNULL = YES;
				CLANG_CXX_LANGUAGE_STANDARD = "gnu++0x";
				CLANG_CXX_LIBRARY = "libc++";
				CLANG_ENABLE_MODULES = YES;
				CLANG_ENABLE_OBJC_ARC = YES;
				CLANG_WARN_BLOCK_CAPTURE_AUTORELEASING = YES;
				CLANG_WARN_BOOL_CONVERSION = YES;
				CLANG_WARN_COMMA = YES;
				CLANG_WARN_CONSTANT_CONVERSION = YES;
				CLANG_WARN_DIRECT_OBJC_ISA_USAGE = YES_ERROR;
				CLANG_WARN_DOCUMENTATION_COMMENTS = YES;
				CLANG_WARN_EMPTY_BODY = YES;
				CLANG_WARN_ENUM_CONVERSION = YES;
				CLANG_WARN_INFINITE_RECURSION = YES;
				CLANG_WARN_INT_CONVERSION = YES;
				CLANG_WARN_NON_LITERAL_NULL_CONVERSION = YES;
				CLANG_WARN_OBJC_LITERAL_CONVERSION = YES;
				CLANG_WARN_OBJC_ROOT_CLASS = YES_ERROR;
				CLANG_WARN_RANGE_LOOP_ANALYSIS = YES;
				CLANG_WARN_STRICT_PROTOTYPES = YES;
				CLANG_WARN_SUSPICIOUS_MOVE = YES;
				CLANG_WARN_UNREACHABLE_CODE = YES;
				CLANG_WARN__DUPLICATE_METHOD_MATCH = YES;
				"CODE_SIGN_IDENTITY[sdk=iphoneos*]" = "iPhone Developer";
				COPY_PHASE_STRIP = NO;
				DEBUG_INFORMATION_FORMAT = "dwarf-with-dsym";
				ENABLE_NS_ASSERTIONS = NO;
				ENABLE_STRICT_OBJC_MSGSEND = YES;
				GCC_C_LANGUAGE_STANDARD = gnu99;
				GCC_NO_COMMON_BLOCKS = YES;
				GCC_WARN_64_TO_32_BIT_CONVERSION = YES;
				GCC_WARN_ABOUT_RETURN_TYPE = YES_ERROR;
				GCC_WARN_UNDECLARED_SELECTOR = YES;
				GCC_WARN_UNINITIALIZED_AUTOS = YES_AGGRESSIVE;
				GCC_WARN_UNUSED_FUNCTION = YES;
				GCC_WARN_UNUSED_VARIABLE = YES;
				IPHONEOS_DEPLOYMENT_TARGET = 10.2;
				MTL_ENABLE_DEBUG_INFO = NO;
				SDKROOT = iphoneos;
				SWIFT_OPTIMIZATION_LEVEL = "-Owholemodule";
				VALIDATE_PRODUCT = YES;
			};
			name = Release;
		};
		3DFCFB641E5DA85B00D4A874 /* Debug */ = {
			isa = XCBuildConfiguration;
			buildSettings = {
				ASSETCATALOG_COMPILER_APPICON_NAME = AppIcon;
				CODE_SIGN_ENTITLEMENTS = "{{ cookiecutter.name }}/Resources/{{ cookiecutter.name }}.entitlements";
				"CODE_SIGN_IDENTITY[sdk=iphoneos*]" = "iPhone Developer";
				CODE_SIGN_STYLE = Automatic;
				DEVELOPMENT_TEAM = 2GVJ6JS822;
				INFOPLIST_FILE = "{{ cookiecutter.name }}/Resources/Info.plist";
				LD_RUNPATH_SEARCH_PATHS = "$(inherited) @executable_path/Frameworks";
				PRODUCT_BUNDLE_IDENTIFIER = "{{ cookiecutter.bundle_identifier_prefix }}.${PRODUCT_NAME:rfc1034identifier}";
				PRODUCT_NAME = "$(TARGET_NAME)";
				PROVISIONING_PROFILE_SPECIFIER = "";
				SWIFT_SWIFT3_OBJC_INFERENCE = On;
				SWIFT_VERSION = 4.0;
			};
			name = Debug;
		};
		3DFCFB651E5DA85B00D4A874 /* Release */ = {
			isa = XCBuildConfiguration;
			buildSettings = {
				ASSETCATALOG_COMPILER_APPICON_NAME = AppIcon;
				CODE_SIGN_ENTITLEMENTS = "{{ cookiecutter.name }}/Resources/{{ cookiecutter.name }}.entitlements";
				"CODE_SIGN_IDENTITY[sdk=iphoneos*]" = "iPhone Developer";
				CODE_SIGN_STYLE = Automatic;
				DEVELOPMENT_TEAM = 2GVJ6JS822;
				INFOPLIST_FILE = "{{ cookiecutter.name }}/Resources/Info.plist";
				LD_RUNPATH_SEARCH_PATHS = "$(inherited) @executable_path/Frameworks";
				PRODUCT_BUNDLE_IDENTIFIER = "{{ cookiecutter.bundle_identifier_prefix }}.${PRODUCT_NAME:rfc1034identifier}";
				PRODUCT_NAME = "$(TARGET_NAME)";
				PROVISIONING_PROFILE_SPECIFIER = "";
				SWIFT_SWIFT3_OBJC_INFERENCE = On;
				SWIFT_VERSION = 4.0;
			};
			name = Release;
		};
/* End XCBuildConfiguration section */

/* Begin XCConfigurationList section */
		3DFCFB4C1E5DA85B00D4A874 /* Build configuration list for PBXProject "{{ cookiecutter.name }}" */ = {
			isa = XCConfigurationList;
			buildConfigurations = (
				3DFCFB611E5DA85B00D4A874 /* Debug */,
				3DFCFB621E5DA85B00D4A874 /* Release */,
			);
			defaultConfigurationIsVisible = 0;
			defaultConfigurationName = Release;
		};
		3DFCFB631E5DA85B00D4A874 /* Build configuration list for PBXNativeTarget "{{ cookiecutter.name }}" */ = {
			isa = XCConfigurationList;
			buildConfigurations = (
				3DFCFB641E5DA85B00D4A874 /* Debug */,
				3DFCFB651E5DA85B00D4A874 /* Release */,
			);
			defaultConfigurationIsVisible = 0;
			defaultConfigurationName = Release;
		};
/* End XCConfigurationList section */
	};
	rootObject = 3DFCFB491E5DA85B00D4A874 /* Project object */;
}
